
Microsoft Visual Studio Solution File, Format Version 12.00
# Visual Studio Version 16
VisualStudioVersion = 16.0.29926.136
MinimumVisualStudioVersion = 10.0.40219.1
Project("{8BC9CEB8-8B4A-11D0-8D11-00A0C91BC942}") = "лб1.Бурков", "лб1.Бурков.vcxproj", "{0BADB30E-2387-449C-93F3-E871B6ABAEE6}"
EndProject
Global
	GlobalSection(SolutionConfigurationPlatforms) = preSolution
		Debug|x64 = Debug|x64
		Debug|x86 = Debug|x86
		Release|x64 = Release|x64
		Release|x86 = Release|x86
	EndGlobalSection
	GlobalSection(ProjectConfigurationPlatforms) = postSolution
		{0BADB30E-2387-449C-93F3-E871B6ABAEE6}.Debug|x64.ActiveCfg = Debug|x64
		{0BADB30E-2387-449C-93F3-E871B6ABAEE6}.Debug|x64.Build.0 = Debug|x64
		{0BADB30E-2387-449C-93F3-E871B6ABAEE6}.Debug|x86.ActiveCfg = Debug|Win32
		{0BADB30E-2387-449C-93F3-E871B6ABAEE6}.Debug|x86.Build.0 = Debug|Win32
		{0BADB30E-2387-449C-93F3-E871B6ABAEE6}.Release|x64.ActiveCfg = Release|x64
		{0BADB30E-2387-449C-93F3-E871B6ABAEE6}.Release|x64.Build.0 = Release|x64
		{0BADB30E-2387-449C-93F3-E871B6ABAEE6}.Release|x86.ActiveCfg = Release|Win32
		{0BADB30E-2387-449C-93F3-E871B6ABAEE6}.Release|x86.Build.0 = Release|Win32
	EndGlobalSection
	GlobalSection(SolutionProperties) = preSolution
		HideSolutionNode = FALSE
	EndGlobalSection
	GlobalSection(ExtensibilityGlobals) = postSolution
		SolutionGuid = {85AA8AF6-8B64-47DD-A4DB-50E90D82A8A5}
	EndGlobalSection
EndGlobal
